
Microsoft Visual Studio Solution File, Format Version 12.00
# Visual Studio Version 16
VisualStudioVersion = 16.0.31005.135
MinimumVisualStudioVersion = 10.0.40219.1
Project("{FAE04EC0-301F-11D3-BF4B-00C04F79EFBC}") = "GetEmployeeID", "GetEmployeeID\GetEmployeeID.csproj", "{F36FB82C-F1E8-4449-AECE-AE9DE62C2D50}"
EndProject
Global
	GlobalSection(SolutionConfigurationPlatforms) = preSolution
		Debug|Any CPU = Debug|Any CPU
		Release|Any CPU = Release|Any CPU
	EndGlobalSection
	GlobalSection(ProjectConfigurationPlatforms) = postSolution
		{F36FB82C-F1E8-4449-AECE-AE9DE62C2D50}.Debug|Any CPU.ActiveCfg = Debug|Any CPU
		{F36FB82C-F1E8-4449-AECE-AE9DE62C2D50}.Debug|Any CPU.Build.0 = Debug|Any CPU
		{F36FB82C-F1E8-4449-AECE-AE9DE62C2D50}.Release|Any CPU.ActiveCfg = Release|Any CPU
		{F36FB82C-F1E8-4449-AECE-AE9DE62C2D50}.Release|Any CPU.Build.0 = Release|Any CPU
	EndGlobalSection
	GlobalSection(SolutionProperties) = preSolution
		HideSolutionNode = FALSE
	EndGlobalSection
	GlobalSection(ExtensibilityGlobals) = postSolution
		SolutionGuid = {E19642C2-000C-488E-B464-B775F44B99CF}
	EndGlobalSection
EndGlobal
